
Microsoft Visual Studio Solution File, Format Version 12.00
Project("{FAE04EC0-301F-11D3-BF4B-00C04F79EFBC}") = "YellowBelt", "YellowBelt\YellowBelt.csproj", "{A76524F3-28BC-4C79-9820-A6A37CD0EBE4}"
EndProject
Project("{FAE04EC0-301F-11D3-BF4B-00C04F79EFBC}") = "MiniKata5", "MiniKata5\MiniKata5.csproj", "{ECCCD6A0-406B-4D53-B413-A99AA1A72527}"
EndProject
Project("{FAE04EC0-301F-11D3-BF4B-00C04F79EFBC}") = "Kata5", "Kata5\Kata5.csproj", "{A0374DCB-E795-45B5-8880-0F8C1D89D3AB}"
EndProject
Project("{FAE04EC0-301F-11D3-BF4B-00C04F79EFBC}") = "MiniKata6", "MiniKata6\MiniKata6.csproj", "{9E14A0DC-A756-4720-B703-EA1A560790D1}"
EndProject
Project("{FAE04EC0-301F-11D3-BF4B-00C04F79EFBC}") = "Kata6", "Kata6\Kata6.csproj", "{87A997AB-7E3E-47E0-9248-148B8F3658C9}"
EndProject
Project("{FAE04EC0-301F-11D3-BF4B-00C04F79EFBC}") = "MiniKata7", "MiniKata7\MiniKata7.csproj", "{7A55B456-F79D-46CC-BF7F-0EAB43FD8269}"
EndProject
Project("{FAE04EC0-301F-11D3-BF4B-00C04F79EFBC}") = "Kata7", "Kata7\Kata7.csproj", "{7CBC22A5-3ECE-4D43-8256-71C507D6490D}"
EndProject
Project("{FAE04EC0-301F-11D3-BF4B-00C04F79EFBC}") = "Kata8", "Kata8\Kata8.csproj", "{20FAEE1A-DB65-4A9A-AB4C-EEF422815E1F}"
EndProject
Project("{FAE04EC0-301F-11D3-BF4B-00C04F79EFBC}") = "Kata9", "Kata9\Kata9.csproj", "{E589B3D8-2E92-47C2-A4F0-E79DF5D2B2A5}"
EndProject
Project("{FAE04EC0-301F-11D3-BF4B-00C04F79EFBC}") = "ExamKata10", "ExamKata10\ExamKata10.csproj", "{93ED2B6C-E729-42AC-A8D1-A6E13F342C4A}"
EndProject
Project("{FAE04EC0-301F-11D3-BF4B-00C04F79EFBC}") = "Kata 9", "Kata 9\Kata 9.csproj", "{619DF5CC-DA65-4428-A7AB-3C2A2A9DAF82}"
EndProject
Project("{FAE04EC0-301F-11D3-BF4B-00C04F79EFBC}") = "Kata10", "Kata10\Kata10.csproj", "{F4839276-B07A-4F14-AE71-547342DDAEB7}"
EndProject
Global
	GlobalSection(SolutionConfigurationPlatforms) = preSolution
		Debug|Any CPU = Debug|Any CPU
		Release|Any CPU = Release|Any CPU
	EndGlobalSection
	GlobalSection(ProjectConfigurationPlatforms) = postSolution
		{A76524F3-28BC-4C79-9820-A6A37CD0EBE4}.Debug|Any CPU.ActiveCfg = Debug|Any CPU
		{A76524F3-28BC-4C79-9820-A6A37CD0EBE4}.Debug|Any CPU.Build.0 = Debug|Any CPU
		{A76524F3-28BC-4C79-9820-A6A37CD0EBE4}.Release|Any CPU.ActiveCfg = Release|Any CPU
		{A76524F3-28BC-4C79-9820-A6A37CD0EBE4}.Release|Any CPU.Build.0 = Release|Any CPU
		{ECCCD6A0-406B-4D53-B413-A99AA1A72527}.Debug|Any CPU.ActiveCfg = Debug|Any CPU
		{ECCCD6A0-406B-4D53-B413-A99AA1A72527}.Debug|Any CPU.Build.0 = Debug|Any CPU
		{ECCCD6A0-406B-4D53-B413-A99AA1A72527}.Release|Any CPU.ActiveCfg = Release|Any CPU
		{ECCCD6A0-406B-4D53-B413-A99AA1A72527}.Release|Any CPU.Build.0 = Release|Any CPU
		{A0374DCB-E795-45B5-8880-0F8C1D89D3AB}.Debug|Any CPU.ActiveCfg = Debug|Any CPU
		{A0374DCB-E795-45B5-8880-0F8C1D89D3AB}.Debug|Any CPU.Build.0 = Debug|Any CPU
		{A0374DCB-E795-45B5-8880-0F8C1D89D3AB}.Release|Any CPU.ActiveCfg = Release|Any CPU
		{A0374DCB-E795-45B5-8880-0F8C1D89D3AB}.Release|Any CPU.Build.0 = Release|Any CPU
		{9E14A0DC-A756-4720-B703-EA1A560790D1}.Debug|Any CPU.ActiveCfg = Debug|Any CPU
		{9E14A0DC-A756-4720-B703-EA1A560790D1}.Debug|Any CPU.Build.0 = Debug|Any CPU
		{9E14A0DC-A756-4720-B703-EA1A560790D1}.Release|Any CPU.ActiveCfg = Release|Any CPU
		{9E14A0DC-A756-4720-B703-EA1A560790D1}.Release|Any CPU.Build.0 = Release|Any CPU
		{87A997AB-7E3E-47E0-9248-148B8F3658C9}.Debug|Any CPU.ActiveCfg = Debug|Any CPU
		{87A997AB-7E3E-47E0-9248-148B8F3658C9}.Debug|Any CPU.Build.0 = Debug|Any CPU
		{87A997AB-7E3E-47E0-9248-148B8F3658C9}.Release|Any CPU.ActiveCfg = Release|Any CPU
		{87A997AB-7E3E-47E0-9248-148B8F3658C9}.Release|Any CPU.Build.0 = Release|Any CPU
		{7A55B456-F79D-46CC-BF7F-0EAB43FD8269}.Debug|Any CPU.ActiveCfg = Debug|Any CPU
		{7A55B456-F79D-46CC-BF7F-0EAB43FD8269}.Debug|Any CPU.Build.0 = Debug|Any CPU
		{7A55B456-F79D-46CC-BF7F-0EAB43FD8269}.Release|Any CPU.ActiveCfg = Release|Any CPU
		{7A55B456-F79D-46CC-BF7F-0EAB43FD8269}.Release|Any CPU.Build.0 = Release|Any CPU
		{7CBC22A5-3ECE-4D43-8256-71C507D6490D}.Debug|Any CPU.ActiveCfg = Debug|Any CPU
		{7CBC22A5-3ECE-4D43-8256-71C507D6490D}.Debug|Any CPU.Build.0 = Debug|Any CPU
		{7CBC22A5-3ECE-4D43-8256-71C507D6490D}.Release|Any CPU.ActiveCfg = Release|Any CPU
		{7CBC22A5-3ECE-4D43-8256-71C507D6490D}.Release|Any CPU.Build.0 = Release|Any CPU
		{20FAEE1A-DB65-4A9A-AB4C-EEF422815E1F}.Debug|Any CPU.ActiveCfg = Debug|Any CPU
		{20FAEE1A-DB65-4A9A-AB4C-EEF422815E1F}.Debug|Any CPU.Build.0 = Debug|Any CPU
		{20FAEE1A-DB65-4A9A-AB4C-EEF422815E1F}.Release|Any CPU.ActiveCfg = Release|Any CPU
		{20FAEE1A-DB65-4A9A-AB4C-EEF422815E1F}.Release|Any CPU.Build.0 = Release|Any CPU
		{E589B3D8-2E92-47C2-A4F0-E79DF5D2B2A5}.Debug|Any CPU.ActiveCfg = Debug|Any CPU
		{E589B3D8-2E92-47C2-A4F0-E79DF5D2B2A5}.Debug|Any CPU.Build.0 = Debug|Any CPU
		{E589B3D8-2E92-47C2-A4F0-E79DF5D2B2A5}.Release|Any CPU.ActiveCfg = Release|Any CPU
		{E589B3D8-2E92-47C2-A4F0-E79DF5D2B2A5}.Release|Any CPU.Build.0 = Release|Any CPU
		{93ED2B6C-E729-42AC-A8D1-A6E13F342C4A}.Debug|Any CPU.ActiveCfg = Debug|Any CPU
		{93ED2B6C-E729-42AC-A8D1-A6E13F342C4A}.Debug|Any CPU.Build.0 = Debug|Any CPU
		{93ED2B6C-E729-42AC-A8D1-A6E13F342C4A}.Release|Any CPU.ActiveCfg = Release|Any CPU
		{93ED2B6C-E729-42AC-A8D1-A6E13F342C4A}.Release|Any CPU.Build.0 = Release|Any CPU
		{619DF5CC-DA65-4428-A7AB-3C2A2A9DAF82}.Debug|Any CPU.ActiveCfg = Debug|Any CPU
		{619DF5CC-DA65-4428-A7AB-3C2A2A9DAF82}.Debug|Any CPU.Build.0 = Debug|Any CPU
		{619DF5CC-DA65-4428-A7AB-3C2A2A9DAF82}.Release|Any CPU.ActiveCfg = Release|Any CPU
		{619DF5CC-DA65-4428-A7AB-3C2A2A9DAF82}.Release|Any CPU.Build.0 = Release|Any CPU
		{F4839276-B07A-4F14-AE71-547342DDAEB7}.Debug|Any CPU.ActiveCfg = Debug|Any CPU
		{F4839276-B07A-4F14-AE71-547342DDAEB7}.Debug|Any CPU.Build.0 = Debug|Any CPU
		{F4839276-B07A-4F14-AE71-547342DDAEB7}.Release|Any CPU.ActiveCfg = Release|Any CPU
		{F4839276-B07A-4F14-AE71-547342DDAEB7}.Release|Any CPU.Build.0 = Release|Any CPU
	EndGlobalSection
EndGlobal
